
Microsoft Visual Studio Solution File, Format Version 12.00
# Visual Studio Version 17
VisualStudioVersion = 17.6.33801.468
MinimumVisualStudioVersion = 10.0.40219.1
Project("{FAE04EC0-301F-11D3-BF4B-00C04F79EFBC}") = "Connect4", "Connect4\Connect4.csproj", "{A732EFA1-F532-4942-B599-8B8248A5F67D}"
EndProject
Project("{FAE04EC0-301F-11D3-BF4B-00C04F79EFBC}") = "Connect4.Entities", "Connect4.Entities\Connect4.Entities.csproj", "{6FBB197A-EF28-4008-B404-A426F709D2B5}"
EndProject
Project("{FAE04EC0-301F-11D3-BF4B-00C04F79EFBC}") = "Connect4.Bll", "Connect4.Bll\Connect4.Bll.csproj", "{03AE8721-A481-4B6E-B3E4-6BA63FABDDA6}"
EndProject
Global
	GlobalSection(SolutionConfigurationPlatforms) = preSolution
		Debug|Any CPU = Debug|Any CPU
		Release|Any CPU = Release|Any CPU
	EndGlobalSection
	GlobalSection(ProjectConfigurationPlatforms) = postSolution
		{A732EFA1-F532-4942-B599-8B8248A5F67D}.Debug|Any CPU.ActiveCfg = Debug|Any CPU
		{A732EFA1-F532-4942-B599-8B8248A5F67D}.Debug|Any CPU.Build.0 = Debug|Any CPU
		{A732EFA1-F532-4942-B599-8B8248A5F67D}.Release|Any CPU.ActiveCfg = Release|Any CPU
		{A732EFA1-F532-4942-B599-8B8248A5F67D}.Release|Any CPU.Build.0 = Release|Any CPU
		{6FBB197A-EF28-4008-B404-A426F709D2B5}.Debug|Any CPU.ActiveCfg = Debug|Any CPU
		{6FBB197A-EF28-4008-B404-A426F709D2B5}.Debug|Any CPU.Build.0 = Debug|Any CPU
		{6FBB197A-EF28-4008-B404-A426F709D2B5}.Release|Any CPU.ActiveCfg = Release|Any CPU
		{6FBB197A-EF28-4008-B404-A426F709D2B5}.Release|Any CPU.Build.0 = Release|Any CPU
		{03AE8721-A481-4B6E-B3E4-6BA63FABDDA6}.Debug|Any CPU.ActiveCfg = Debug|Any CPU
		{03AE8721-A481-4B6E-B3E4-6BA63FABDDA6}.Debug|Any CPU.Build.0 = Debug|Any CPU
		{03AE8721-A481-4B6E-B3E4-6BA63FABDDA6}.Release|Any CPU.ActiveCfg = Release|Any CPU
		{03AE8721-A481-4B6E-B3E4-6BA63FABDDA6}.Release|Any CPU.Build.0 = Release|Any CPU
	EndGlobalSection
	GlobalSection(SolutionProperties) = preSolution
		HideSolutionNode = FALSE
	EndGlobalSection
	GlobalSection(ExtensibilityGlobals) = postSolution
		SolutionGuid = {BF721929-0F5A-496D-88A8-2F492EC91084}
	EndGlobalSection
EndGlobal
